// !$*UTF8*$!
{
	archiveVersion = 1;
	classes = {
	};
	objectVersion = 55;
	objects = {

/* Begin PBXBuildFile section */
		3488D0A127F9E2CF009C09D2 /* AppDelegate.swift in Sources */ = {isa = PBXBuildFile; fileRef = 3488D0A027F9E2CF009C09D2 /* AppDelegate.swift */; };
		3488D0A327F9E2CF009C09D2 /* SceneDelegate.swift in Sources */ = {isa = PBXBuildFile; fileRef = 3488D0A227F9E2CF009C09D2 /* SceneDelegate.swift */; };
		3488D0A527F9E2CF009C09D2 /* ViewController.swift in Sources */ = {isa = PBXBuildFile; fileRef = 3488D0A427F9E2CF009C09D2 /* ViewController.swift */; };
		3488D0A827F9E2CF009C09D2 /* Main.storyboard in Resources */ = {isa = PBXBuildFile; fileRef = 3488D0A627F9E2CF009C09D2 /* Main.storyboard */; };
		3488D0AA27F9E2D1009C09D2 /* Assets.xcassets in Resources */ = {isa = PBXBuildFile; fileRef = 3488D0A927F9E2D1009C09D2 /* Assets.xcassets */; };
		3488D0AD27F9E2D1009C09D2 /* LaunchScreen.storyboard in Resources */ = {isa = PBXBuildFile; fileRef = 3488D0AB27F9E2D1009C09D2 /* LaunchScreen.storyboard */; };
		3488D0B827F9E2D1009C09D2 /* specleaks_exampleTests.swift in Sources */ = {isa = PBXBuildFile; fileRef = 3488D0B727F9E2D1009C09D2 /* specleaks_exampleTests.swift */; };
		522E2CF2F285825C49CEE981 /* Pods_specleaks_example.framework in Frameworks */ = {isa = PBXBuildFile; fileRef = 24E490F625706039FE6207E4 /* Pods_specleaks_example.framework */; };
		98C904DB23110D170B220A14 /* Pods_specleaks_exampleTests.framework in Frameworks */ = {isa = PBXBuildFile; fileRef = 3324198C554719D4C694A080 /* Pods_specleaks_exampleTests.framework */; };
/* End PBXBuildFile section */

/* Begin PBXContainerItemProxy section */
		3488D0B427F9E2D1009C09D2 /* PBXContainerItemProxy */ = {
			isa = PBXContainerItemProxy;
			containerPortal = 3488D09527F9E2CF009C09D2 /* Project object */;
			proxyType = 1;
			remoteGlobalIDString = 3488D09C27F9E2CF009C09D2;
			remoteInfo = "specleaks-example";
		};
/* End PBXContainerItemProxy section */

/* Begin PBXFileReference section */
		24E490F625706039FE6207E4 /* Pods_specleaks_example.framework */ = {isa = PBXFileReference; explicitFileType = wrapper.framework; includeInIndex = 0; path = Pods_specleaks_example.framework; sourceTree = BUILT_PRODUCTS_DIR; };
		3324198C554719D4C694A080 /* Pods_specleaks_exampleTests.framework */ = {isa = PBXFileReference; explicitFileType = wrapper.framework; includeInIndex = 0; path = Pods_specleaks_exampleTests.framework; sourceTree = BUILT_PRODUCTS_DIR; };
		3488D09D27F9E2CF009C09D2 /* specleaks-example.app */ = {isa = PBXFileReference; explicitFileType = wrapper.application; includeInIndex = 0; path = "specleaks-example.app"; sourceTree = BUILT_PRODUCTS_DIR; };
		3488D0A027F9E2CF009C09D2 /* AppDelegate.swift */ = {isa = PBXFileReference; lastKnownFileType = sourcecode.swift; path = AppDelegate.swift; sourceTree = "<group>"; };
		3488D0A227F9E2CF009C09D2 /* SceneDelegate.swift */ = {isa = PBXFileReference; lastKnownFileType = sourcecode.swift; path = SceneDelegate.swift; sourceTree = "<group>"; };
		3488D0A427F9E2CF009C09D2 /* ViewController.swift */ = {isa = PBXFileReference; lastKnownFileType = sourcecode.swift; path = ViewController.swift; sourceTree = "<group>"; };
		3488D0A727F9E2CF009C09D2 /* Base */ = {isa = PBXFileReference; lastKnownFileType = file.storyboard; name = Base; path = Base.lproj/Main.storyboard; sourceTree = "<group>"; };
		3488D0A927F9E2D1009C09D2 /* Assets.xcassets */ = {isa = PBXFileReference; lastKnownFileType = folder.assetcatalog; path = Assets.xcassets; sourceTree = "<group>"; };
		3488D0AC27F9E2D1009C09D2 /* Base */ = {isa = PBXFileReference; lastKnownFileType = file.storyboard; name = Base; path = Base.lproj/LaunchScreen.storyboard; sourceTree = "<group>"; };
		3488D0AE27F9E2D1009C09D2 /* Info.plist */ = {isa = PBXFileReference; lastKnownFileType = text.plist.xml; path = Info.plist; sourceTree = "<group>"; };
		3488D0B327F9E2D1009C09D2 /* specleaks-exampleTests.xctest */ = {isa = PBXFileReference; explicitFileType = wrapper.cfbundle; includeInIndex = 0; path = "specleaks-exampleTests.xctest"; sourceTree = BUILT_PRODUCTS_DIR; };
		3488D0B727F9E2D1009C09D2 /* specleaks_exampleTests.swift */ = {isa = PBXFileReference; lastKnownFileType = sourcecode.swift; path = specleaks_exampleTests.swift; sourceTree = "<group>"; };
		3ABDCE5E7646954F73DCAF50 /* Pods-specleaks-example.debug.xcconfig */ = {isa = PBXFileReference; includeInIndex = 1; lastKnownFileType = text.xcconfig; name = "Pods-specleaks-example.debug.xcconfig"; path = "Target Support Files/Pods-specleaks-example/Pods-specleaks-example.debug.xcconfig"; sourceTree = "<group>"; };
		521122811CB7F59CBA25B301 /* Pods-specleaks-exampleTests.release.xcconfig */ = {isa = PBXFileReference; includeInIndex = 1; lastKnownFileType = text.xcconfig; name = "Pods-specleaks-exampleTests.release.xcconfig"; path = "Target Support Files/Pods-specleaks-exampleTests/Pods-specleaks-exampleTests.release.xcconfig"; sourceTree = "<group>"; };
		9EFF2E39EE193265E572756D /* Pods-specleaks-example.release.xcconfig */ = {isa = PBXFileReference; includeInIndex = 1; lastKnownFileType = text.xcconfig; name = "Pods-specleaks-example.release.xcconfig"; path = "Target Support Files/Pods-specleaks-example/Pods-specleaks-example.release.xcconfig"; sourceTree = "<group>"; };
		E3CC9F7F9CA0D015E44E2EA4 /* Pods-specleaks-exampleTests.debug.xcconfig */ = {isa = PBXFileReference; includeInIndex = 1; lastKnownFileType = text.xcconfig; name = "Pods-specleaks-exampleTests.debug.xcconfig"; path = "Target Support Files/Pods-specleaks-exampleTests/Pods-specleaks-exampleTests.debug.xcconfig"; sourceTree = "<group>"; };
/* End PBXFileReference section */

/* Begin PBXFrameworksBuildPhase section */
		3488D09A27F9E2CF009C09D2 /* Frameworks */ = {
			isa = PBXFrameworksBuildPhase;
			buildActionMask = 2147483647;
			files = (
				522E2CF2F285825C49CEE981 /* Pods_specleaks_example.framework in Frameworks */,
			);
			runOnlyForDeploymentPostprocessing = 0;
		};
		3488D0B027F9E2D1009C09D2 /* Frameworks */ = {
			isa = PBXFrameworksBuildPhase;
			buildActionMask = 2147483647;
			files = (
				98C904DB23110D170B220A14 /* Pods_specleaks_exampleTests.framework in Frameworks */,
			);
			runOnlyForDeploymentPostprocessing = 0;
		};
/* End PBXFrameworksBuildPhase section */

/* Begin PBXGroup section */
		0A4C942C0859DEC1E88B754B /* Pods */ = {
			isa = PBXGroup;
			children = (
				3ABDCE5E7646954F73DCAF50 /* Pods-specleaks-example.debug.xcconfig */,
				9EFF2E39EE193265E572756D /* Pods-specleaks-example.release.xcconfig */,
				E3CC9F7F9CA0D015E44E2EA4 /* Pods-specleaks-exampleTests.debug.xcconfig */,
				521122811CB7F59CBA25B301 /* Pods-specleaks-exampleTests.release.xcconfig */,
			);
			name = Pods;
			path = Pods;
			sourceTree = "<group>";
		};
		3488D09427F9E2CF009C09D2 = {
			isa = PBXGroup;
			children = (
				3488D09F27F9E2CF009C09D2 /* specleaks-example */,
				3488D0B627F9E2D1009C09D2 /* specleaks-exampleTests */,
				3488D09E27F9E2CF009C09D2 /* Products */,
				0A4C942C0859DEC1E88B754B /* Pods */,
				519D8F00DE67D6B6C2C211A4 /* Frameworks */,
			);
			sourceTree = "<group>";
		};
		3488D09E27F9E2CF009C09D2 /* Products */ = {
			isa = PBXGroup;
			children = (
				3488D09D27F9E2CF009C09D2 /* specleaks-example.app */,
				3488D0B327F9E2D1009C09D2 /* specleaks-exampleTests.xctest */,
			);
			name = Products;
			sourceTree = "<group>";
		};
		3488D09F27F9E2CF009C09D2 /* specleaks-example */ = {
			isa = PBXGroup;
			children = (
				3488D0A027F9E2CF009C09D2 /* AppDelegate.swift */,
				3488D0A227F9E2CF009C09D2 /* SceneDelegate.swift */,
				3488D0A427F9E2CF009C09D2 /* ViewController.swift */,
				3488D0A627F9E2CF009C09D2 /* Main.storyboard */,
				3488D0A927F9E2D1009C09D2 /* Assets.xcassets */,
				3488D0AB27F9E2D1009C09D2 /* LaunchScreen.storyboard */,
				3488D0AE27F9E2D1009C09D2 /* Info.plist */,
			);
			path = "specleaks-example";
			sourceTree = "<group>";
		};
		3488D0B627F9E2D1009C09D2 /* specleaks-exampleTests */ = {
			isa = PBXGroup;
			children = (
				3488D0B727F9E2D1009C09D2 /* specleaks_exampleTests.swift */,
			);
			path = "specleaks-exampleTests";
			sourceTree = "<group>";
		};
		519D8F00DE67D6B6C2C211A4 /* Frameworks */ = {
			isa = PBXGroup;
			children = (
				24E490F625706039FE6207E4 /* Pods_specleaks_example.framework */,
				3324198C554719D4C694A080 /* Pods_specleaks_exampleTests.framework */,
			);
			name = Frameworks;
			sourceTree = "<group>";
		};
/* End PBXGroup section */

/* Begin PBXNativeTarget section */
		3488D09C27F9E2CF009C09D2 /* specleaks-example */ = {
			isa = PBXNativeTarget;
			buildConfigurationList = 3488D0C727F9E2D1009C09D2 /* Build configuration list for PBXNativeTarget "specleaks-example" */;
			buildPhases = (
				AFF03A0FADF1BFFAEA5F4B93 /* [CP] Check Pods Manifest.lock */,
				3488D09927F9E2CF009C09D2 /* Sources */,
				3488D09A27F9E2CF009C09D2 /* Frameworks */,
				3488D09B27F9E2CF009C09D2 /* Resources */,
				BD6EADB487DA23FCE9D54C85 /* [CP] Embed Pods Frameworks */,
			);
			buildRules = (
			);
			dependencies = (
			);
			name = "specleaks-example";
			productName = "specleaks-example";
			productReference = 3488D09D27F9E2CF009C09D2 /* specleaks-example.app */;
			productType = "com.apple.product-type.application";
		};
		3488D0B227F9E2D1009C09D2 /* specleaks-exampleTests */ = {
			isa = PBXNativeTarget;
			buildConfigurationList = 3488D0CA27F9E2D1009C09D2 /* Build configuration list for PBXNativeTarget "specleaks-exampleTests" */;
			buildPhases = (
				6F5ABAD4033B9404E96EB41E /* [CP] Check Pods Manifest.lock */,
				3488D0AF27F9E2D1009C09D2 /* Sources */,
				3488D0B027F9E2D1009C09D2 /* Frameworks */,
				3488D0B127F9E2D1009C09D2 /* Resources */,
				4140E094227350884D960282 /* [CP] Embed Pods Frameworks */,
			);
			buildRules = (
			);
			dependencies = (
				3488D0B527F9E2D1009C09D2 /* PBXTargetDependency */,
			);
			name = "specleaks-exampleTests";
			productName = "specleaks-exampleTests";
			productReference = 3488D0B327F9E2D1009C09D2 /* specleaks-exampleTests.xctest */;
			productType = "com.apple.product-type.bundle.unit-test";
		};
/* End PBXNativeTarget section */

/* Begin PBXProject section */
		3488D09527F9E2CF009C09D2 /* Project object */ = {
			isa = PBXProject;
			attributes = {
				BuildIndependentTargetsInParallel = 1;
				LastSwiftUpdateCheck = 1320;
				LastUpgradeCheck = 1320;
				TargetAttributes = {
					3488D09C27F9E2CF009C09D2 = {
						CreatedOnToolsVersion = 13.2.1;
					};
					3488D0B227F9E2D1009C09D2 = {
						CreatedOnToolsVersion = 13.2.1;
						TestTargetID = 3488D09C27F9E2CF009C09D2;
					};
				};
			};
			buildConfigurationList = 3488D09827F9E2CF009C09D2 /* Build configuration list for PBXProject "specleaks-example" */;
			compatibilityVersion = "Xcode 13.0";
			developmentRegion = en;
			hasScannedForEncodings = 0;
			knownRegions = (
				en,
				Base,
			);
			mainGroup = 3488D09427F9E2CF009C09D2;
			productRefGroup = 3488D09E27F9E2CF009C09D2 /* Products */;
			projectDirPath = "";
			projectRoot = "";
			targets = (
				3488D09C27F9E2CF009C09D2 /* specleaks-example */,
				3488D0B227F9E2D1009C09D2 /* specleaks-exampleTests */,
			);
		};
/* End PBXProject section */

/* Begin PBXResourcesBuildPhase section */
		3488D09B27F9E2CF009C09D2 /* Resources */ = {
			isa = PBXResourcesBuildPhase;
			buildActionMask = 2147483647;
			files = (
				3488D0AD27F9E2D1009C09D2 /* LaunchScreen.storyboard in Resources */,
				3488D0AA27F9E2D1009C09D2 /* Assets.xcassets in Resources */,
				3488D0A827F9E2CF009C09D2 /* Main.storyboard in Resources */,
			);
			runOnlyForDeploymentPostprocessing = 0;
		};
		3488D0B127F9E2D1009C09D2 /* Resources */ = {
			isa = PBXResourcesBuildPhase;
			buildActionMask = 2147483647;
			files = (
			);
			runOnlyForDeploymentPostprocessing = 0;
		};
/* End PBXResourcesBuildPhase section */

/* Begin PBXShellScriptBuildPhase section */
		4140E094227350884D960282 /* [CP] Embed Pods Frameworks */ = {
			isa = PBXShellScriptBuildPhase;
			buildActionMask = 2147483647;
			files = (
			);
			inputFileListPaths = (
				"${PODS_ROOT}/Target Support Files/Pods-specleaks-exampleTests/Pods-specleaks-exampleTests-frameworks-${CONFIGURATION}-input-files.xcfilelist",
			);
			name = "[CP] Embed Pods Frameworks";
			outputFileListPaths = (
				"${PODS_ROOT}/Target Support Files/Pods-specleaks-exampleTests/Pods-specleaks-exampleTests-frameworks-${CONFIGURATION}-output-files.xcfilelist",
			);
			runOnlyForDeploymentPostprocessing = 0;
			shellPath = /bin/sh;
			shellScript = "\"${PODS_ROOT}/Target Support Files/Pods-specleaks-exampleTests/Pods-specleaks-exampleTests-frameworks.sh\"\n";
			showEnvVarsInLog = 0;
		};
		6F5ABAD4033B9404E96EB41E /* [CP] Check Pods Manifest.lock */ = {
			isa = PBXShellScriptBuildPhase;
			buildActionMask = 2147483647;
			files = (
			);
			inputFileListPaths = (
			);
			inputPaths = (
				"${PODS_PODFILE_DIR_PATH}/Podfile.lock",
				"${PODS_ROOT}/Manifest.lock",
			);
			name = "[CP] Check Pods Manifest.lock";
			outputFileListPaths = (
			);
			outputPaths = (
				"$(DERIVED_FILE_DIR)/Pods-specleaks-exampleTests-checkManifestLockResult.txt",
			);
			runOnlyForDeploymentPostprocessing = 0;
			shellPath = /bin/sh;
			shellScript = "diff \"${PODS_PODFILE_DIR_PATH}/Podfile.lock\" \"${PODS_ROOT}/Manifest.lock\" > /dev/null\nif [ $? != 0 ] ; then\n    # print error to STDERR\n    echo \"error: The sandbox is not in sync with the Podfile.lock. Run 'pod install' or update your CocoaPods installation.\" >&2\n    exit 1\nfi\n# This output is used by Xcode 'outputs' to avoid re-running this script phase.\necho \"SUCCESS\" > \"${SCRIPT_OUTPUT_FILE_0}\"\n";
			showEnvVarsInLog = 0;
		};
		AFF03A0FADF1BFFAEA5F4B93 /* [CP] Check Pods Manifest.lock */ = {
			isa = PBXShellScriptBuildPhase;
			buildActionMask = 2147483647;
			files = (
			);
			inputFileListPaths = (
			);
			inputPaths = (
				"${PODS_PODFILE_DIR_PATH}/Podfile.lock",
				"${PODS_ROOT}/Manifest.lock",
			);
			name = "[CP] Check Pods Manifest.lock";
			outputFileListPaths = (
			);
			outputPaths = (
				"$(DERIVED_FILE_DIR)/Pods-specleaks-example-checkManifestLockResult.txt",
			);
			runOnlyForDeploymentPostprocessing = 0;
			shellPath = /bin/sh;
			shellScript = "diff \"${PODS_PODFILE_DIR_PATH}/Podfile.lock\" \"${PODS_ROOT}/Manifest.lock\" > /dev/null\nif [ $? != 0 ] ; then\n    # print error to STDERR\n    echo \"error: The sandbox is not in sync with the Podfile.lock. Run 'pod install' or update your CocoaPods installation.\" >&2\n    exit 1\nfi\n# This output is used by Xcode 'outputs' to avoid re-running this script phase.\necho \"SUCCESS\" > \"${SCRIPT_OUTPUT_FILE_0}\"\n";
			showEnvVarsInLog = 0;
		};
		BD6EADB487DA23FCE9D54C85 /* [CP] Embed Pods Frameworks */ = {
			isa = PBXShellScriptBuildPhase;
			buildActionMask = 2147483647;
			files = (
			);
			inputFileListPaths = (
				"${PODS_ROOT}/Target Support Files/Pods-specleaks-example/Pods-specleaks-example-frameworks-${CONFIGURATION}-input-files.xcfilelist",
			);
			name = "[CP] Embed Pods Frameworks";
			outputFileListPaths = (
				"${PODS_ROOT}/Target Support Files/Pods-specleaks-example/Pods-specleaks-example-frameworks-${CONFIGURATION}-output-files.xcfilelist",
			);
			runOnlyForDeploymentPostprocessing = 0;
			shellPath = /bin/sh;
			shellScript = "\"${PODS_ROOT}/Target Support Files/Pods-specleaks-example/Pods-specleaks-example-frameworks.sh\"\n";
			showEnvVarsInLog = 0;
		};
/* End PBXShellScriptBuildPhase section */

/* Begin PBXSourcesBuildPhase section */
		3488D09927F9E2CF009C09D2 /* Sources */ = {
			isa = PBXSourcesBuildPhase;
			buildActionMask = 2147483647;
			files = (
				3488D0A527F9E2CF009C09D2 /* ViewController.swift in Sources */,
				3488D0A127F9E2CF009C09D2 /* AppDelegate.swift in Sources */,
				3488D0A327F9E2CF009C09D2 /* SceneDelegate.swift in Sources */,
			);
			runOnlyForDeploymentPostprocessing = 0;
		};
		3488D0AF27F9E2D1009C09D2 /* Sources */ = {
			isa = PBXSourcesBuildPhase;
			buildActionMask = 2147483647;
			files = (
				3488D0B827F9E2D1009C09D2 /* specleaks_exampleTests.swift in Sources */,
			);
			runOnlyForDeploymentPostprocessing = 0;
		};
/* End PBXSourcesBuildPhase section */

/* Begin PBXTargetDependency section */
		3488D0B527F9E2D1009C09D2 /* PBXTargetDependency */ = {
			isa = PBXTargetDependency;
			target = 3488D09C27F9E2CF009C09D2 /* specleaks-example */;
			targetProxy = 3488D0B427F9E2D1009C09D2 /* PBXContainerItemProxy */;
		};
/* End PBXTargetDependency section */

/* Begin PBXVariantGroup section */
		3488D0A627F9E2CF009C09D2 /* Main.storyboard */ = {
			isa = PBXVariantGroup;
			children = (
				3488D0A727F9E2CF009C09D2 /* Base */,
			);
			name = Main.storyboard;
			sourceTree = "<group>";
		};
		3488D0AB27F9E2D1009C09D2 /* LaunchScreen.storyboard */ = {
			isa = PBXVariantGroup;
			children = (
				3488D0AC27F9E2D1009C09D2 /* Base */,
			);
			name = LaunchScreen.storyboard;
			sourceTree = "<group>";
		};
/* End PBXVariantGroup section */

/* Begin XCBuildConfiguration section */
		3488D0C527F9E2D1009C09D2 /* Debug */ = {
			isa = XCBuildConfiguration;
			buildSettings = {
				ALWAYS_SEARCH_USER_PATHS = NO;
				CLANG_ANALYZER_NONNULL = YES;
				CLANG_ANALYZER_NUMBER_OBJECT_CONVERSION = YES_AGGRESSIVE;
				CLANG_CXX_LANGUAGE_STANDARD = "gnu++17";
				CLANG_CXX_LIBRARY = "libc++";
				CLANG_ENABLE_MODULES = YES;
				CLANG_ENABLE_OBJC_ARC = YES;
				CLANG_ENABLE_OBJC_WEAK = YES;
				CLANG_WARN_BLOCK_CAPTURE_AUTORELEASING = YES;
				CLANG_WARN_BOOL_CONVERSION = YES;
				CLANG_WARN_COMMA = YES;
				CLANG_WARN_CONSTANT_CONVERSION = YES;
				CLANG_WARN_DEPRECATED_OBJC_IMPLEMENTATIONS = YES;
				CLANG_WARN_DIRECT_OBJC_ISA_USAGE = YES_ERROR;
				CLANG_WARN_DOCUMENTATION_COMMENTS = YES;
				CLANG_WARN_EMPTY_BODY = YES;
				CLANG_WARN_ENUM_CONVERSION = YES;
				CLANG_WARN_INFINITE_RECURSION = YES;
				CLANG_WARN_INT_CONVERSION = YES;
				CLANG_WARN_NON_LITERAL_NULL_CONVERSION = YES;
				CLANG_WARN_OBJC_IMPLICIT_RETAIN_SELF = YES;
				CLANG_WARN_OBJC_LITERAL_CONVERSION = YES;
				CLANG_WARN_OBJC_ROOT_CLASS = YES_ERROR;
				CLANG_WARN_QUOTED_INCLUDE_IN_FRAMEWORK_HEADER = YES;
				CLANG_WARN_RANGE_LOOP_ANALYSIS = YES;
				CLANG_WARN_STRICT_PROTOTYPES = YES;
				CLANG_WARN_SUSPICIOUS_MOVE = YES;
				CLANG_WARN_UNGUARDED_AVAILABILITY = YES_AGGRESSIVE;
				CLANG_WARN_UNREACHABLE_CODE = YES;
				CLANG_WARN__DUPLICATE_METHOD_MATCH = YES;
				COPY_PHASE_STRIP = NO;
				DEBUG_INFORMATION_FORMAT = dwarf;
				ENABLE_STRICT_OBJC_MSGSEND = YES;
				ENABLE_TESTABILITY = YES;
				GCC_C_LANGUAGE_STANDARD = gnu11;
				GCC_DYNAMIC_NO_PIC = NO;
				GCC_NO_COMMON_BLOCKS = YES;
				GCC_OPTIMIZATION_LEVEL = 0;
				GCC_PREPROCESSOR_DEFINITIONS = (
					"DEBUG=1",
					"$(inherited)",
				);
				GCC_WARN_64_TO_32_BIT_CONVERSION = YES;
				GCC_WARN_ABOUT_RETURN_TYPE = YES_ERROR;
				GCC_WARN_UNDECLARED_SELECTOR = YES;
				GCC_WARN_UNINITIALIZED_AUTOS = YES_AGGRESSIVE;
				GCC_WARN_UNUSED_FUNCTION = YES;
				GCC_WARN_UNUSED_VARIABLE = YES;
				IPHONEOS_DEPLOYMENT_TARGET = 15.2;
				MTL_ENABLE_DEBUG_INFO = INCLUDE_SOURCE;
				MTL_FAST_MATH = YES;
				ONLY_ACTIVE_ARCH = YES;
				SDKROOT = iphoneos;
				SWIFT_ACTIVE_COMPILATION_CONDITIONS = DEBUG;
				SWIFT_OPTIMIZATION_LEVEL = "-Onone";
			};
			name = Debug;
		};
		3488D0C627F9E2D1009C09D2 /* Release */ = {
			isa = XCBuildConfiguration;
			buildSettings = {
				ALWAYS_SEARCH_USER_PATHS = NO;
				CLANG_ANALYZER_NONNULL = YES;
				CLANG_ANALYZER_NUMBER_OBJECT_CONVERSION = YES_AGGRESSIVE;
				CLANG_CXX_LANGUAGE_STANDARD = "gnu++17";
				CLANG_CXX_LIBRARY = "libc++";
				CLANG_ENABLE_MODULES = YES;
				CLANG_ENABLE_OBJC_ARC = YES;
				CLANG_ENABLE_OBJC_WEAK = YES;
				CLANG_WARN_BLOCK_CAPTURE_AUTORELEASING = YES;
				CLANG_WARN_BOOL_CONVERSION = YES;
				CLANG_WARN_COMMA = YES;
				CLANG_WARN_CONSTANT_CONVERSION = YES;
				CLANG_WARN_DEPRECATED_OBJC_IMPLEMENTATIONS = YES;
				CLANG_WARN_DIRECT_OBJC_ISA_USAGE = YES_ERROR;
				CLANG_WARN_DOCUMENTATION_COMMENTS = YES;
				CLANG_WARN_EMPTY_BODY = YES;
				CLANG_WARN_ENUM_CONVERSION = YES;
				CLANG_WARN_INFINITE_RECURSION = YES;
				CLANG_WARN_INT_CONVERSION = YES;
				CLANG_WARN_NON_LITERAL_NULL_CONVERSION = YES;
				CLANG_WARN_OBJC_IMPLICIT_RETAIN_SELF = YES;
				CLANG_WARN_OBJC_LITERAL_CONVERSION = YES;
				CLANG_WARN_OBJC_ROOT_CLASS = YES_ERROR;
				CLANG_WARN_QUOTED_INCLUDE_IN_FRAMEWORK_HEADER = YES;
				CLANG_WARN_RANGE_LOOP_ANALYSIS = YES;
				CLANG_WARN_STRICT_PROTOTYPES = YES;
				CLANG_WARN_SUSPICIOUS_MOVE = YES;
				CLANG_WARN_UNGUARDED_AVAILABILITY = YES_AGGRESSIVE;
				CLANG_WARN_UNREACHABLE_CODE = YES;
				CLANG_WARN__DUPLICATE_METHOD_MATCH = YES;
				COPY_PHASE_STRIP = NO;
				DEBUG_INFORMATION_FORMAT = "dwarf-with-dsym";
				ENABLE_NS_ASSERTIONS = NO;
				ENABLE_STRICT_OBJC_MSGSEND = YES;
				GCC_C_LANGUAGE_STANDARD = gnu11;
				GCC_NO_COMMON_BLOCKS = YES;
				GCC_WARN_64_TO_32_BIT_CONVERSION = YES;
				GCC_WARN_ABOUT_RETURN_TYPE = YES_ERROR;
				GCC_WARN_UNDECLARED_SELECTOR = YES;
				GCC_WARN_UNINITIALIZED_AUTOS = YES_AGGRESSIVE;
				GCC_WARN_UNUSED_FUNCTION = YES;
				GCC_WARN_UNUSED_VARIABLE = YES;
				IPHONEOS_DEPLOYMENT_TARGET = 15.2;
				MTL_ENABLE_DEBUG_INFO = NO;
				MTL_FAST_MATH = YES;
				SDKROOT = iphoneos;
				SWIFT_COMPILATION_MODE = wholemodule;
				SWIFT_OPTIMIZATION_LEVEL = "-O";
				VALIDATE_PRODUCT = YES;
			};
			name = Release;
		};
		3488D0C827F9E2D1009C09D2 /* Debug */ = {
			isa = XCBuildConfiguration;
			baseConfigurationReference = 3ABDCE5E7646954F73DCAF50 /* Pods-specleaks-example.debug.xcconfig */;
			buildSettings = {
				ASSETCATALOG_COMPILER_APPICON_NAME = AppIcon;
				ASSETCATALOG_COMPILER_GLOBAL_ACCENT_COLOR_NAME = AccentColor;
				CODE_SIGN_STYLE = Automatic;
				CURRENT_PROJECT_VERSION = 1;
				DEVELOPMENT_TEAM = FJHXR869BN;
				GENERATE_INFOPLIST_FILE = YES;
				INFOPLIST_FILE = "specleaks-example/Info.plist";
				INFOPLIST_KEY_UIApplicationSupportsIndirectInputEvents = YES;
				INFOPLIST_KEY_UILaunchStoryboardName = LaunchScreen;
				INFOPLIST_KEY_UIMainStoryboardFile = Main;
				INFOPLIST_KEY_UISupportedInterfaceOrientations_iPad = "UIInterfaceOrientationPortrait UIInterfaceOrientationPortraitUpsideDown UIInterfaceOrientationLandscapeLeft UIInterfaceOrientationLandscapeRight";
				INFOPLIST_KEY_UISupportedInterfaceOrientations_iPhone = "UIInterfaceOrientationPortrait UIInterfaceOrientationLandscapeLeft UIInterfaceOrientationLandscapeRight";
				LD_RUNPATH_SEARCH_PATHS = (
					"$(inherited)",
					"@executable_path/Frameworks",
				);
				MARKETING_VERSION = 1.0;
				PRODUCT_BUNDLE_IDENTIFIER = "com.dannysantoso.specleaks-example";
				PRODUCT_NAME = "$(TARGET_NAME)";
				SWIFT_EMIT_LOC_STRINGS = YES;
				SWIFT_VERSION = 5.0;
				TARGETED_DEVICE_FAMILY = "1,2";
			};
			name = Debug;
		};
		3488D0C927F9E2D1009C09D2 /* Release */ = {
			isa = XCBuildConfiguration;
			baseConfigurationReference = 9EFF2E39EE193265E572756D /* Pods-specleaks-example.release.xcconfig */;
			buildSettings = {
				ASSETCATALOG_COMPILER_APPICON_NAME = AppIcon;
				ASSETCATALOG_COMPILER_GLOBAL_ACCENT_COLOR_NAME = AccentColor;
				CODE_SIGN_STYLE = Automatic;
				CURRENT_PROJECT_VERSION = 1;
				DEVELOPMENT_TEAM = FJHXR869BN;
				GENERATE_INFOPLIST_FILE = YES;
				INFOPLIST_FILE = "specleaks-example/Info.plist";
				INFOPLIST_KEY_UIApplicationSupportsIndirectInputEvents = YES;
				INFOPLIST_KEY_UILaunchStoryboardName = LaunchScreen;
				INFOPLIST_KEY_UIMainStoryboardFile = Main;
				INFOPLIST_KEY_UISupportedInterfaceOrientations_iPad = "UIInterfaceOrientationPortrait UIInterfaceOrientationPortraitUpsideDown UIInterfaceOrientationLandscapeLeft UIInterfaceOrientationLandscapeRight";
				INFOPLIST_KEY_UISupportedInterfaceOrientations_iPhone = "UIInterfaceOrientationPortrait UIInterfaceOrientationLandscapeLeft UIInterfaceOrientationLandscapeRight";
				LD_RUNPATH_SEARCH_PATHS = (
					"$(inherited)",
					"@executable_path/Frameworks",
				);
				MARKETING_VERSION = 1.0;
				PRODUCT_BUNDLE_IDENTIFIER = "com.dannysantoso.specleaks-example";
				PRODUCT_NAME = "$(TARGET_NAME)";
				SWIFT_EMIT_LOC_STRINGS = YES;
				SWIFT_VERSION = 5.0;
				TARGETED_DEVICE_FAMILY = "1,2";
			};
			name = Release;
		};
		3488D0CB27F9E2D1009C09D2 /* Debug */ = {
			isa = XCBuildConfiguration;
			baseConfigurationReference = E3CC9F7F9CA0D015E44E2EA4 /* Pods-specleaks-exampleTests.debug.xcconfig */;
			buildSettings = {
				ALWAYS_EMBED_SWIFT_STANDARD_LIBRARIES = YES;
				BUNDLE_LOADER = "$(TEST_HOST)";
				CODE_SIGN_STYLE = Automatic;
				CURRENT_PROJECT_VERSION = 1;
				DEVELOPMENT_TEAM = FJHXR869BN;
				GENERATE_INFOPLIST_FILE = YES;
				IPHONEOS_DEPLOYMENT_TARGET = 15.2;
				MARKETING_VERSION = 1.0;
				PRODUCT_BUNDLE_IDENTIFIER = "com.dannysantoso.specleaks-exampleTests";
				PRODUCT_NAME = "$(TARGET_NAME)";
				SWIFT_EMIT_LOC_STRINGS = NO;
				SWIFT_VERSION = 5.0;
				TARGETED_DEVICE_FAMILY = "1,2";
				TEST_HOST = "$(BUILT_PRODUCTS_DIR)/specleaks-example.app/specleaks-example";
			};
			name = Debug;
		};
		3488D0CC27F9E2D1009C09D2 /* Release */ = {
			isa = XCBuildConfiguration;
			baseConfigurationReference = 521122811CB7F59CBA25B301 /* Pods-specleaks-exampleTests.release.xcconfig */;
			buildSettings = {
				ALWAYS_EMBED_SWIFT_STANDARD_LIBRARIES = YES;
				BUNDLE_LOADER = "$(TEST_HOST)";
				CODE_SIGN_STYLE = Automatic;
				CURRENT_PROJECT_VERSION = 1;
				DEVELOPMENT_TEAM = FJHXR869BN;
				GENERATE_INFOPLIST_FILE = YES;
				IPHONEOS_DEPLOYMENT_TARGET = 15.2;
				MARKETING_VERSION = 1.0;
				PRODUCT_BUNDLE_IDENTIFIER = "com.dannysantoso.specleaks-exampleTests";
				PRODUCT_NAME = "$(TARGET_NAME)";
				SWIFT_EMIT_LOC_STRINGS = NO;
				SWIFT_VERSION = 5.0;
				TARGETED_DEVICE_FAMILY = "1,2";
				TEST_HOST = "$(BUILT_PRODUCTS_DIR)/specleaks-example.app/specleaks-example";
			};
			name = Release;
		};
/* End XCBuildConfiguration section */

/* Begin XCConfigurationList section */
		3488D09827F9E2CF009C09D2 /* Build configuration list for PBXProject "specleaks-example" */ = {
			isa = XCConfigurationList;
			buildConfigurations = (
				3488D0C527F9E2D1009C09D2 /* Debug */,
				3488D0C627F9E2D1009C09D2 /* Release */,
			);
			defaultConfigurationIsVisible = 0;
			defaultConfigurationName = Release;
		};
		3488D0C727F9E2D1009C09D2 /* Build configuration list for PBXNativeTarget "specleaks-example" */ = {
			isa = XCConfigurationList;
			buildConfigurations = (
				3488D0C827F9E2D1009C09D2 /* Debug */,
				3488D0C927F9E2D1009C09D2 /* Release */,
			);
			defaultConfigurationIsVisible = 0;
			defaultConfigurationName = Release;
		};
		3488D0CA27F9E2D1009C09D2 /* Build configuration list for PBXNativeTarget "specleaks-exampleTests" */ = {
			isa = XCConfigurationList;
			buildConfigurations = (
				3488D0CB27F9E2D1009C09D2 /* Debug */,
				3488D0CC27F9E2D1009C09D2 /* Release */,
			);
			defaultConfigurationIsVisible = 0;
			defaultConfigurationName = Release;
		};
/* End XCConfigurationList section */
	};
	rootObject = 3488D09527F9E2CF009C09D2 /* Project object */;
}
